
Microsoft Visual Studio Solution File, Format Version 12.00
# Visual Studio Version 17
VisualStudioVersion = 17.1.32228.430
MinimumVisualStudioVersion = 10.0.40219.1
Project("{9A19103F-16F7-4668-BE54-9A1E7A4F7556}") = "Dapper.ExternalScripts.Tests", "..\tests\Dapper.ExternalScripts.Tests\Dapper.ExternalScripts.Tests.csproj", "{418BF545-C6A4-4038-82FE-E03E03BD3F1C}"
EndProject
Project("{9A19103F-16F7-4668-BE54-9A1E7A4F7556}") = "Dapper.ExternalScripts", "Dapper.ExternalScripts\Dapper.ExternalScripts.csproj", "{49DDAE7A-DBEF-4BA7-A1F1-3A83BC400B00}"
EndProject
Project("{2150E333-8FDC-42A3-9474-1A3956D46DE8}") = "Sample", "Sample", "{FE950D91-35F9-4843-B9A0-6AA631952295}"
EndProject
Project("{FAE04EC0-301F-11D3-BF4B-00C04F79EFBC}") = "Sales", "Sample\Sales\Sales.csproj", "{4AD1F4EC-955E-4FA0-BC5D-105CE7B5C42A}"
EndProject
Project("{FAE04EC0-301F-11D3-BF4B-00C04F79EFBC}") = "AspNetCoreApi", "sample\AspNetCoreApi\AspNetCoreApi.csproj", "{AC5C84F8-15E9-414C-AD8A-85F01D0E7F96}"
EndProject
Project("{2150E333-8FDC-42A3-9474-1A3956D46DE8}") = "DB", "DB", "{80EC03AA-1FB1-4309-B624-67F1C0346F3E}"
	ProjectSection(SolutionItems) = preProject
		Sample\SalesDB.sql = Sample\SalesDB.sql
	EndProjectSection
EndProject
Global
	GlobalSection(SolutionConfigurationPlatforms) = preSolution
		Debug|Any CPU = Debug|Any CPU
		Release|Any CPU = Release|Any CPU
	EndGlobalSection
	GlobalSection(ProjectConfigurationPlatforms) = postSolution
		{418BF545-C6A4-4038-82FE-E03E03BD3F1C}.Debug|Any CPU.ActiveCfg = Debug|Any CPU
		{418BF545-C6A4-4038-82FE-E03E03BD3F1C}.Debug|Any CPU.Build.0 = Debug|Any CPU
		{418BF545-C6A4-4038-82FE-E03E03BD3F1C}.Release|Any CPU.ActiveCfg = Release|Any CPU
		{418BF545-C6A4-4038-82FE-E03E03BD3F1C}.Release|Any CPU.Build.0 = Release|Any CPU
		{49DDAE7A-DBEF-4BA7-A1F1-3A83BC400B00}.Debug|Any CPU.ActiveCfg = Debug|Any CPU
		{49DDAE7A-DBEF-4BA7-A1F1-3A83BC400B00}.Debug|Any CPU.Build.0 = Debug|Any CPU
		{49DDAE7A-DBEF-4BA7-A1F1-3A83BC400B00}.Release|Any CPU.ActiveCfg = Release|Any CPU
		{49DDAE7A-DBEF-4BA7-A1F1-3A83BC400B00}.Release|Any CPU.Build.0 = Release|Any CPU
		{4AD1F4EC-955E-4FA0-BC5D-105CE7B5C42A}.Debug|Any CPU.ActiveCfg = Debug|Any CPU
		{4AD1F4EC-955E-4FA0-BC5D-105CE7B5C42A}.Debug|Any CPU.Build.0 = Debug|Any CPU
		{4AD1F4EC-955E-4FA0-BC5D-105CE7B5C42A}.Release|Any CPU.ActiveCfg = Release|Any CPU
		{4AD1F4EC-955E-4FA0-BC5D-105CE7B5C42A}.Release|Any CPU.Build.0 = Release|Any CPU
		{AC5C84F8-15E9-414C-AD8A-85F01D0E7F96}.Debug|Any CPU.ActiveCfg = Debug|Any CPU
		{AC5C84F8-15E9-414C-AD8A-85F01D0E7F96}.Debug|Any CPU.Build.0 = Debug|Any CPU
		{AC5C84F8-15E9-414C-AD8A-85F01D0E7F96}.Release|Any CPU.ActiveCfg = Release|Any CPU
		{AC5C84F8-15E9-414C-AD8A-85F01D0E7F96}.Release|Any CPU.Build.0 = Release|Any CPU
	EndGlobalSection
	GlobalSection(SolutionProperties) = preSolution
		HideSolutionNode = FALSE
	EndGlobalSection
	GlobalSection(NestedProjects) = preSolution
		{4AD1F4EC-955E-4FA0-BC5D-105CE7B5C42A} = {FE950D91-35F9-4843-B9A0-6AA631952295}
		{AC5C84F8-15E9-414C-AD8A-85F01D0E7F96} = {FE950D91-35F9-4843-B9A0-6AA631952295}
		{80EC03AA-1FB1-4309-B624-67F1C0346F3E} = {FE950D91-35F9-4843-B9A0-6AA631952295}
	EndGlobalSection
	GlobalSection(ExtensibilityGlobals) = postSolution
		SolutionGuid = {F7206A48-BFAD-4D66-836C-D5EF39EE7E3B}
	EndGlobalSection
EndGlobal
